
Microsoft Visual Studio Solution File, Format Version 12.00
# Visual Studio 14
VisualStudioVersion = 14.0.25420.1
MinimumVisualStudioVersion = 10.0.40219.1
Project("{FAE04EC0-301F-11D3-BF4B-00C04F79EFBC}") = "DropDownListMVC", "DropDownListMVC\DropDownListMVC.csproj", "{6F74A2A5-45A9-4AA2-AECF-AB21A4B06E1D}"
EndProject
Project("{FAE04EC0-301F-11D3-BF4B-00C04F79EFBC}") = "DropDownListMVC.Models", "DropDownListMVC.Models\DropDownListMVC.Models.csproj", "{ED3842D9-8FA6-4E6F-BFBD-9B2D8492F4C6}"
EndProject
Project("{FAE04EC0-301F-11D3-BF4B-00C04F79EFBC}") = "DropDownListMVC.DataAccess", "DropDownListMVC.DataAccess\DropDownListMVC.DataAccess.csproj", "{E0CA4FA6-C1E1-48A8-9AC5-7610BC173088}"
EndProject
Global
	GlobalSection(SolutionConfigurationPlatforms) = preSolution
		Debug|Any CPU = Debug|Any CPU
		Release|Any CPU = Release|Any CPU
	EndGlobalSection
	GlobalSection(ProjectConfigurationPlatforms) = postSolution
		{6F74A2A5-45A9-4AA2-AECF-AB21A4B06E1D}.Debug|Any CPU.ActiveCfg = Debug|Any CPU
		{6F74A2A5-45A9-4AA2-AECF-AB21A4B06E1D}.Debug|Any CPU.Build.0 = Debug|Any CPU
		{6F74A2A5-45A9-4AA2-AECF-AB21A4B06E1D}.Release|Any CPU.ActiveCfg = Release|Any CPU
		{6F74A2A5-45A9-4AA2-AECF-AB21A4B06E1D}.Release|Any CPU.Build.0 = Release|Any CPU
		{ED3842D9-8FA6-4E6F-BFBD-9B2D8492F4C6}.Debug|Any CPU.ActiveCfg = Debug|Any CPU
		{ED3842D9-8FA6-4E6F-BFBD-9B2D8492F4C6}.Debug|Any CPU.Build.0 = Debug|Any CPU
		{ED3842D9-8FA6-4E6F-BFBD-9B2D8492F4C6}.Release|Any CPU.ActiveCfg = Release|Any CPU
		{ED3842D9-8FA6-4E6F-BFBD-9B2D8492F4C6}.Release|Any CPU.Build.0 = Release|Any CPU
		{E0CA4FA6-C1E1-48A8-9AC5-7610BC173088}.Debug|Any CPU.ActiveCfg = Debug|Any CPU
		{E0CA4FA6-C1E1-48A8-9AC5-7610BC173088}.Debug|Any CPU.Build.0 = Debug|Any CPU
		{E0CA4FA6-C1E1-48A8-9AC5-7610BC173088}.Release|Any CPU.ActiveCfg = Release|Any CPU
		{E0CA4FA6-C1E1-48A8-9AC5-7610BC173088}.Release|Any CPU.Build.0 = Release|Any CPU
	EndGlobalSection
	GlobalSection(SolutionProperties) = preSolution
		HideSolutionNode = FALSE
	EndGlobalSection
EndGlobal
